// !$*UTF8*$!
{
	archiveVersion = 1;
	classes = {
	};
	objectVersion = 56;
	objects = {

/* Begin PBXBuildFile section */
		A026F0222AB5F6BC00DD9B89 /* AppDelegate.swift in Sources */ = {isa = PBXBuildFile; fileRef = A026F0212AB5F6BC00DD9B89 /* AppDelegate.swift */; };
		A026F0242AB5F6BC00DD9B89 /* SceneDelegate.swift in Sources */ = {isa = PBXBuildFile; fileRef = A026F0232AB5F6BC00DD9B89 /* SceneDelegate.swift */; };
		A026F02B2AB5F6BC00DD9B89 /* Assets.xcassets in Resources */ = {isa = PBXBuildFile; fileRef = A026F02A2AB5F6BC00DD9B89 /* Assets.xcassets */; };
		A026F02E2AB5F6BC00DD9B89 /* LaunchScreen.storyboard in Resources */ = {isa = PBXBuildFile; fileRef = A026F02C2AB5F6BC00DD9B89 /* LaunchScreen.storyboard */; };
		A026F0392AB5F6BD00DD9B89 /* workoutprogTests.swift in Sources */ = {isa = PBXBuildFile; fileRef = A026F0382AB5F6BD00DD9B89 /* workoutprogTests.swift */; };
		A026F0432AB5F6BD00DD9B89 /* workoutprogUITests.swift in Sources */ = {isa = PBXBuildFile; fileRef = A026F0422AB5F6BD00DD9B89 /* workoutprogUITests.swift */; };
		A026F0452AB5F6BD00DD9B89 /* workoutprogUITestsLaunchTests.swift in Sources */ = {isa = PBXBuildFile; fileRef = A026F0442AB5F6BD00DD9B89 /* workoutprogUITestsLaunchTests.swift */; };
		A026F0522AB5FDB800DD9B89 /* cardSelectionVC.swift in Sources */ = {isa = PBXBuildFile; fileRef = A026F0512AB5FDB800DD9B89 /* cardSelectionVC.swift */; };
		A08FDAD82AB706D300F2A464 /* CWButton.swift in Sources */ = {isa = PBXBuildFile; fileRef = A08FDAD72AB706D300F2A464 /* CWButton.swift */; };
		A0F89CED2ABB7F9C0045AB10 /* rulesVC.swift in Sources */ = {isa = PBXBuildFile; fileRef = A0F89CEC2ABB7F9C0045AB10 /* rulesVC.swift */; };
		A0F89CEF2ABB894F0045AB10 /* cardDeck.swift in Sources */ = {isa = PBXBuildFile; fileRef = A0F89CEE2ABB894F0045AB10 /* cardDeck.swift */; };
/* End PBXBuildFile section */

/* Begin PBXContainerItemProxy section */
		A026F0352AB5F6BD00DD9B89 /* PBXContainerItemProxy */ = {
			isa = PBXContainerItemProxy;
			containerPortal = A026F0162AB5F6BC00DD9B89 /* Project object */;
			proxyType = 1;
			remoteGlobalIDString = A026F01D2AB5F6BC00DD9B89;
			remoteInfo = workoutprog;
		};
		A026F03F2AB5F6BD00DD9B89 /* PBXContainerItemProxy */ = {
			isa = PBXContainerItemProxy;
			containerPortal = A026F0162AB5F6BC00DD9B89 /* Project object */;
			proxyType = 1;
			remoteGlobalIDString = A026F01D2AB5F6BC00DD9B89;
			remoteInfo = workoutprog;
		};
/* End PBXContainerItemProxy section */

/* Begin PBXFileReference section */
		A026F01E2AB5F6BC00DD9B89 /* workoutprog.app */ = {isa = PBXFileReference; explicitFileType = wrapper.application; includeInIndex = 0; path = workoutprog.app; sourceTree = BUILT_PRODUCTS_DIR; };
		A026F0212AB5F6BC00DD9B89 /* AppDelegate.swift */ = {isa = PBXFileReference; lastKnownFileType = sourcecode.swift; path = AppDelegate.swift; sourceTree = "<group>"; };
		A026F0232AB5F6BC00DD9B89 /* SceneDelegate.swift */ = {isa = PBXFileReference; lastKnownFileType = sourcecode.swift; path = SceneDelegate.swift; sourceTree = "<group>"; };
		A026F02A2AB5F6BC00DD9B89 /* Assets.xcassets */ = {isa = PBXFileReference; lastKnownFileType = folder.assetcatalog; path = Assets.xcassets; sourceTree = "<group>"; };
		A026F02D2AB5F6BC00DD9B89 /* Base */ = {isa = PBXFileReference; lastKnownFileType = file.storyboard; name = Base; path = Base.lproj/LaunchScreen.storyboard; sourceTree = "<group>"; };
		A026F02F2AB5F6BC00DD9B89 /* Info.plist */ = {isa = PBXFileReference; lastKnownFileType = text.plist.xml; path = Info.plist; sourceTree = "<group>"; };
		A026F0342AB5F6BD00DD9B89 /* workoutprogTests.xctest */ = {isa = PBXFileReference; explicitFileType = wrapper.cfbundle; includeInIndex = 0; path = workoutprogTests.xctest; sourceTree = BUILT_PRODUCTS_DIR; };
		A026F0382AB5F6BD00DD9B89 /* workoutprogTests.swift */ = {isa = PBXFileReference; lastKnownFileType = sourcecode.swift; path = workoutprogTests.swift; sourceTree = "<group>"; };
		A026F03E2AB5F6BD00DD9B89 /* workoutprogUITests.xctest */ = {isa = PBXFileReference; explicitFileType = wrapper.cfbundle; includeInIndex = 0; path = workoutprogUITests.xctest; sourceTree = BUILT_PRODUCTS_DIR; };
		A026F0422AB5F6BD00DD9B89 /* workoutprogUITests.swift */ = {isa = PBXFileReference; lastKnownFileType = sourcecode.swift; path = workoutprogUITests.swift; sourceTree = "<group>"; };
		A026F0442AB5F6BD00DD9B89 /* workoutprogUITestsLaunchTests.swift */ = {isa = PBXFileReference; lastKnownFileType = sourcecode.swift; path = workoutprogUITestsLaunchTests.swift; sourceTree = "<group>"; };
		A026F0512AB5FDB800DD9B89 /* cardSelectionVC.swift */ = {isa = PBXFileReference; lastKnownFileType = sourcecode.swift; path = cardSelectionVC.swift; sourceTree = "<group>"; };
		A08FDAD72AB706D300F2A464 /* CWButton.swift */ = {isa = PBXFileReference; lastKnownFileType = sourcecode.swift; path = CWButton.swift; sourceTree = "<group>"; };
		A0F89CEC2ABB7F9C0045AB10 /* rulesVC.swift */ = {isa = PBXFileReference; lastKnownFileType = sourcecode.swift; path = rulesVC.swift; sourceTree = "<group>"; };
		A0F89CEE2ABB894F0045AB10 /* cardDeck.swift */ = {isa = PBXFileReference; lastKnownFileType = sourcecode.swift; path = cardDeck.swift; sourceTree = "<group>"; };
/* End PBXFileReference section */

/* Begin PBXFrameworksBuildPhase section */
		A026F01B2AB5F6BC00DD9B89 /* Frameworks */ = {
			isa = PBXFrameworksBuildPhase;
			buildActionMask = 2147483647;
			files = (
			);
			runOnlyForDeploymentPostprocessing = 0;
		};
		A026F0312AB5F6BD00DD9B89 /* Frameworks */ = {
			isa = PBXFrameworksBuildPhase;
			buildActionMask = 2147483647;
			files = (
			);
			runOnlyForDeploymentPostprocessing = 0;
		};
		A026F03B2AB5F6BD00DD9B89 /* Frameworks */ = {
			isa = PBXFrameworksBuildPhase;
			buildActionMask = 2147483647;
			files = (
			);
			runOnlyForDeploymentPostprocessing = 0;
		};
/* End PBXFrameworksBuildPhase section */

/* Begin PBXGroup section */
		A026F0152AB5F6BC00DD9B89 = {
			isa = PBXGroup;
			children = (
				A026F0202AB5F6BC00DD9B89 /* workoutprog */,
				A026F0372AB5F6BD00DD9B89 /* workoutprogTests */,
				A026F0412AB5F6BD00DD9B89 /* workoutprogUITests */,
				A026F01F2AB5F6BC00DD9B89 /* Products */,
			);
			sourceTree = "<group>";
		};
		A026F01F2AB5F6BC00DD9B89 /* Products */ = {
			isa = PBXGroup;
			children = (
				A026F01E2AB5F6BC00DD9B89 /* workoutprog.app */,
				A026F0342AB5F6BD00DD9B89 /* workoutprogTests.xctest */,
				A026F03E2AB5F6BD00DD9B89 /* workoutprogUITests.xctest */,
			);
			name = Products;
			sourceTree = "<group>";
		};
		A026F0202AB5F6BC00DD9B89 /* workoutprog */ = {
			isa = PBXGroup;
			children = (
				A026F0212AB5F6BC00DD9B89 /* AppDelegate.swift */,
				A026F0232AB5F6BC00DD9B89 /* SceneDelegate.swift */,
				A026F0512AB5FDB800DD9B89 /* cardSelectionVC.swift */,
				A08FDAD72AB706D300F2A464 /* CWButton.swift */,
				A0F89CEC2ABB7F9C0045AB10 /* rulesVC.swift */,
				A0F89CEE2ABB894F0045AB10 /* cardDeck.swift */,
				A026F02A2AB5F6BC00DD9B89 /* Assets.xcassets */,
				A026F02C2AB5F6BC00DD9B89 /* LaunchScreen.storyboard */,
				A026F02F2AB5F6BC00DD9B89 /* Info.plist */,
			);
			path = workoutprog;
			sourceTree = "<group>";
		};
		A026F0372AB5F6BD00DD9B89 /* workoutprogTests */ = {
			isa = PBXGroup;
			children = (
				A026F0382AB5F6BD00DD9B89 /* workoutprogTests.swift */,
			);
			path = workoutprogTests;
			sourceTree = "<group>";
		};
		A026F0412AB5F6BD00DD9B89 /* workoutprogUITests */ = {
			isa = PBXGroup;
			children = (
				A026F0422AB5F6BD00DD9B89 /* workoutprogUITests.swift */,
				A026F0442AB5F6BD00DD9B89 /* workoutprogUITestsLaunchTests.swift */,
			);
			path = workoutprogUITests;
			sourceTree = "<group>";
		};
/* End PBXGroup section */

/* Begin PBXNativeTarget section */
		A026F01D2AB5F6BC00DD9B89 /* workoutprog */ = {
			isa = PBXNativeTarget;
			buildConfigurationList = A026F0482AB5F6BD00DD9B89 /* Build configuration list for PBXNativeTarget "workoutprog" */;
			buildPhases = (
				A026F01A2AB5F6BC00DD9B89 /* Sources */,
				A026F01B2AB5F6BC00DD9B89 /* Frameworks */,
				A026F01C2AB5F6BC00DD9B89 /* Resources */,
			);
			buildRules = (
			);
			dependencies = (
			);
			name = workoutprog;
			productName = workoutprog;
			productReference = A026F01E2AB5F6BC00DD9B89 /* workoutprog.app */;
			productType = "com.apple.product-type.application";
		};
		A026F0332AB5F6BD00DD9B89 /* workoutprogTests */ = {
			isa = PBXNativeTarget;
			buildConfigurationList = A026F04B2AB5F6BD00DD9B89 /* Build configuration list for PBXNativeTarget "workoutprogTests" */;
			buildPhases = (
				A026F0302AB5F6BD00DD9B89 /* Sources */,
				A026F0312AB5F6BD00DD9B89 /* Frameworks */,
				A026F0322AB5F6BD00DD9B89 /* Resources */,
			);
			buildRules = (
			);
			dependencies = (
				A026F0362AB5F6BD00DD9B89 /* PBXTargetDependency */,
			);
			name = workoutprogTests;
			productName = workoutprogTests;
			productReference = A026F0342AB5F6BD00DD9B89 /* workoutprogTests.xctest */;
			productType = "com.apple.product-type.bundle.unit-test";
		};
		A026F03D2AB5F6BD00DD9B89 /* workoutprogUITests */ = {
			isa = PBXNativeTarget;
			buildConfigurationList = A026F04E2AB5F6BD00DD9B89 /* Build configuration list for PBXNativeTarget "workoutprogUITests" */;
			buildPhases = (
				A026F03A2AB5F6BD00DD9B89 /* Sources */,
				A026F03B2AB5F6BD00DD9B89 /* Frameworks */,
				A026F03C2AB5F6BD00DD9B89 /* Resources */,
			);
			buildRules = (
			);
			dependencies = (
				A026F0402AB5F6BD00DD9B89 /* PBXTargetDependency */,
			);
			name = workoutprogUITests;
			productName = workoutprogUITests;
			productReference = A026F03E2AB5F6BD00DD9B89 /* workoutprogUITests.xctest */;
			productType = "com.apple.product-type.bundle.ui-testing";
		};
/* End PBXNativeTarget section */

/* Begin PBXProject section */
		A026F0162AB5F6BC00DD9B89 /* Project object */ = {
			isa = PBXProject;
			attributes = {
				BuildIndependentTargetsInParallel = 1;
				LastSwiftUpdateCheck = 1430;
				LastUpgradeCheck = 1430;
				TargetAttributes = {
					A026F01D2AB5F6BC00DD9B89 = {
						CreatedOnToolsVersion = 14.3.1;
					};
					A026F0332AB5F6BD00DD9B89 = {
						CreatedOnToolsVersion = 14.3.1;
						TestTargetID = A026F01D2AB5F6BC00DD9B89;
					};
					A026F03D2AB5F6BD00DD9B89 = {
						CreatedOnToolsVersion = 14.3.1;
						TestTargetID = A026F01D2AB5F6BC00DD9B89;
					};
				};
			};
			buildConfigurationList = A026F0192AB5F6BC00DD9B89 /* Build configuration list for PBXProject "workoutprog" */;
			compatibilityVersion = "Xcode 14.0";
			developmentRegion = en;
			hasScannedForEncodings = 0;
			knownRegions = (
				en,
				Base,
			);
			mainGroup = A026F0152AB5F6BC00DD9B89;
			productRefGroup = A026F01F2AB5F6BC00DD9B89 /* Products */;
			projectDirPath = "";
			projectRoot = "";
			targets = (
				A026F01D2AB5F6BC00DD9B89 /* workoutprog */,
				A026F0332AB5F6BD00DD9B89 /* workoutprogTests */,
				A026F03D2AB5F6BD00DD9B89 /* workoutprogUITests */,
			);
		};
/* End PBXProject section */

/* Begin PBXResourcesBuildPhase section */
		A026F01C2AB5F6BC00DD9B89 /* Resources */ = {
			isa = PBXResourcesBuildPhase;
			buildActionMask = 2147483647;
			files = (
				A026F02E2AB5F6BC00DD9B89 /* LaunchScreen.storyboard in Resources */,
				A026F02B2AB5F6BC00DD9B89 /* Assets.xcassets in Resources */,
			);
			runOnlyForDeploymentPostprocessing = 0;
		};
		A026F0322AB5F6BD00DD9B89 /* Resources */ = {
			isa = PBXResourcesBuildPhase;
			buildActionMask = 2147483647;
			files = (
			);
			runOnlyForDeploymentPostprocessing = 0;
		};
		A026F03C2AB5F6BD00DD9B89 /* Resources */ = {
			isa = PBXResourcesBuildPhase;
			buildActionMask = 2147483647;
			files = (
			);
			runOnlyForDeploymentPostprocessing = 0;
		};
/* End PBXResourcesBuildPhase section */

/* Begin PBXSourcesBuildPhase section */
		A026F01A2AB5F6BC00DD9B89 /* Sources */ = {
			isa = PBXSourcesBuildPhase;
			buildActionMask = 2147483647;
			files = (
				A026F0222AB5F6BC00DD9B89 /* AppDelegate.swift in Sources */,
				A026F0522AB5FDB800DD9B89 /* cardSelectionVC.swift in Sources */,
				A0F89CEF2ABB894F0045AB10 /* cardDeck.swift in Sources */,
				A026F0242AB5F6BC00DD9B89 /* SceneDelegate.swift in Sources */,
				A0F89CED2ABB7F9C0045AB10 /* rulesVC.swift in Sources */,
				A08FDAD82AB706D300F2A464 /* CWButton.swift in Sources */,
			);
			runOnlyForDeploymentPostprocessing = 0;
		};
		A026F0302AB5F6BD00DD9B89 /* Sources */ = {
			isa = PBXSourcesBuildPhase;
			buildActionMask = 2147483647;
			files = (
				A026F0392AB5F6BD00DD9B89 /* workoutprogTests.swift in Sources */,
			);
			runOnlyForDeploymentPostprocessing = 0;
		};
		A026F03A2AB5F6BD00DD9B89 /* Sources */ = {
			isa = PBXSourcesBuildPhase;
			buildActionMask = 2147483647;
			files = (
				A026F0452AB5F6BD00DD9B89 /* workoutprogUITestsLaunchTests.swift in Sources */,
				A026F0432AB5F6BD00DD9B89 /* workoutprogUITests.swift in Sources */,
			);
			runOnlyForDeploymentPostprocessing = 0;
		};
/* End PBXSourcesBuildPhase section */

/* Begin PBXTargetDependency section */
		A026F0362AB5F6BD00DD9B89 /* PBXTargetDependency */ = {
			isa = PBXTargetDependency;
			target = A026F01D2AB5F6BC00DD9B89 /* workoutprog */;
			targetProxy = A026F0352AB5F6BD00DD9B89 /* PBXContainerItemProxy */;
		};
		A026F0402AB5F6BD00DD9B89 /* PBXTargetDependency */ = {
			isa = PBXTargetDependency;
			target = A026F01D2AB5F6BC00DD9B89 /* workoutprog */;
			targetProxy = A026F03F2AB5F6BD00DD9B89 /* PBXContainerItemProxy */;
		};
/* End PBXTargetDependency section */

/* Begin PBXVariantGroup section */
		A026F02C2AB5F6BC00DD9B89 /* LaunchScreen.storyboard */ = {
			isa = PBXVariantGroup;
			children = (
				A026F02D2AB5F6BC00DD9B89 /* Base */,
			);
			name = LaunchScreen.storyboard;
			sourceTree = "<group>";
		};
/* End PBXVariantGroup section */

/* Begin XCBuildConfiguration section */
		A026F0462AB5F6BD00DD9B89 /* Debug */ = {
			isa = XCBuildConfiguration;
			buildSettings = {
				ALWAYS_SEARCH_USER_PATHS = NO;
				CLANG_ANALYZER_NONNULL = YES;
				CLANG_ANALYZER_NUMBER_OBJECT_CONVERSION = YES_AGGRESSIVE;
				CLANG_CXX_LANGUAGE_STANDARD = "gnu++20";
				CLANG_ENABLE_MODULES = YES;
				CLANG_ENABLE_OBJC_ARC = YES;
				CLANG_ENABLE_OBJC_WEAK = YES;
				CLANG_WARN_BLOCK_CAPTURE_AUTORELEASING = YES;
				CLANG_WARN_BOOL_CONVERSION = YES;
				CLANG_WARN_COMMA = YES;
				CLANG_WARN_CONSTANT_CONVERSION = YES;
				CLANG_WARN_DEPRECATED_OBJC_IMPLEMENTATIONS = YES;
				CLANG_WARN_DIRECT_OBJC_ISA_USAGE = YES_ERROR;
				CLANG_WARN_DOCUMENTATION_COMMENTS = YES;
				CLANG_WARN_EMPTY_BODY = YES;
				CLANG_WARN_ENUM_CONVERSION = YES;
				CLANG_WARN_INFINITE_RECURSION = YES;
				CLANG_WARN_INT_CONVERSION = YES;
				CLANG_WARN_NON_LITERAL_NULL_CONVERSION = YES;
				CLANG_WARN_OBJC_IMPLICIT_RETAIN_SELF = YES;
				CLANG_WARN_OBJC_LITERAL_CONVERSION = YES;
				CLANG_WARN_OBJC_ROOT_CLASS = YES_ERROR;
				CLANG_WARN_QUOTED_INCLUDE_IN_FRAMEWORK_HEADER = YES;
				CLANG_WARN_RANGE_LOOP_ANALYSIS = YES;
				CLANG_WARN_STRICT_PROTOTYPES = YES;
				CLANG_WARN_SUSPICIOUS_MOVE = YES;
				CLANG_WARN_UNGUARDED_AVAILABILITY = YES_AGGRESSIVE;
				CLANG_WARN_UNREACHABLE_CODE = YES;
				CLANG_WARN__DUPLICATE_METHOD_MATCH = YES;
				COPY_PHASE_STRIP = NO;
				DEBUG_INFORMATION_FORMAT = dwarf;
				ENABLE_STRICT_OBJC_MSGSEND = YES;
				ENABLE_TESTABILITY = YES;
				GCC_C_LANGUAGE_STANDARD = gnu11;
				GCC_DYNAMIC_NO_PIC = NO;
				GCC_NO_COMMON_BLOCKS = YES;
				GCC_OPTIMIZATION_LEVEL = 0;
				GCC_PREPROCESSOR_DEFINITIONS = (
					"DEBUG=1",
					"$(inherited)",
				);
				GCC_WARN_64_TO_32_BIT_CONVERSION = YES;
				GCC_WARN_ABOUT_RETURN_TYPE = YES_ERROR;
				GCC_WARN_UNDECLARED_SELECTOR = YES;
				GCC_WARN_UNINITIALIZED_AUTOS = YES_AGGRESSIVE;
				GCC_WARN_UNUSED_FUNCTION = YES;
				GCC_WARN_UNUSED_VARIABLE = YES;
				IPHONEOS_DEPLOYMENT_TARGET = 16.4;
				MTL_ENABLE_DEBUG_INFO = INCLUDE_SOURCE;
				MTL_FAST_MATH = YES;
				ONLY_ACTIVE_ARCH = YES;
				SDKROOT = iphoneos;
				SWIFT_ACTIVE_COMPILATION_CONDITIONS = DEBUG;
				SWIFT_OPTIMIZATION_LEVEL = "-Onone";
			};
			name = Debug;
		};
		A026F0472AB5F6BD00DD9B89 /* Release */ = {
			isa = XCBuildConfiguration;
			buildSettings = {
				ALWAYS_SEARCH_USER_PATHS = NO;
				CLANG_ANALYZER_NONNULL = YES;
				CLANG_ANALYZER_NUMBER_OBJECT_CONVERSION = YES_AGGRESSIVE;
				CLANG_CXX_LANGUAGE_STANDARD = "gnu++20";
				CLANG_ENABLE_MODULES = YES;
				CLANG_ENABLE_OBJC_ARC = YES;
				CLANG_ENABLE_OBJC_WEAK = YES;
				CLANG_WARN_BLOCK_CAPTURE_AUTORELEASING = YES;
				CLANG_WARN_BOOL_CONVERSION = YES;
				CLANG_WARN_COMMA = YES;
				CLANG_WARN_CONSTANT_CONVERSION = YES;
				CLANG_WARN_DEPRECATED_OBJC_IMPLEMENTATIONS = YES;
				CLANG_WARN_DIRECT_OBJC_ISA_USAGE = YES_ERROR;
				CLANG_WARN_DOCUMENTATION_COMMENTS = YES;
				CLANG_WARN_EMPTY_BODY = YES;
				CLANG_WARN_ENUM_CONVERSION = YES;
				CLANG_WARN_INFINITE_RECURSION = YES;
				CLANG_WARN_INT_CONVERSION = YES;
				CLANG_WARN_NON_LITERAL_NULL_CONVERSION = YES;
				CLANG_WARN_OBJC_IMPLICIT_RETAIN_SELF = YES;
				CLANG_WARN_OBJC_LITERAL_CONVERSION = YES;
				CLANG_WARN_OBJC_ROOT_CLASS = YES_ERROR;
				CLANG_WARN_QUOTED_INCLUDE_IN_FRAMEWORK_HEADER = YES;
				CLANG_WARN_RANGE_LOOP_ANALYSIS = YES;
				CLANG_WARN_STRICT_PROTOTYPES = YES;
				CLANG_WARN_SUSPICIOUS_MOVE = YES;
				CLANG_WARN_UNGUARDED_AVAILABILITY = YES_AGGRESSIVE;
				CLANG_WARN_UNREACHABLE_CODE = YES;
				CLANG_WARN__DUPLICATE_METHOD_MATCH = YES;
				COPY_PHASE_STRIP = NO;
				DEBUG_INFORMATION_FORMAT = "dwarf-with-dsym";
				ENABLE_NS_ASSERTIONS = NO;
				ENABLE_STRICT_OBJC_MSGSEND = YES;
				GCC_C_LANGUAGE_STANDARD = gnu11;
				GCC_NO_COMMON_BLOCKS = YES;
				GCC_WARN_64_TO_32_BIT_CONVERSION = YES;
				GCC_WARN_ABOUT_RETURN_TYPE = YES_ERROR;
				GCC_WARN_UNDECLARED_SELECTOR = YES;
				GCC_WARN_UNINITIALIZED_AUTOS = YES_AGGRESSIVE;
				GCC_WARN_UNUSED_FUNCTION = YES;
				GCC_WARN_UNUSED_VARIABLE = YES;
				IPHONEOS_DEPLOYMENT_TARGET = 16.4;
				MTL_ENABLE_DEBUG_INFO = NO;
				MTL_FAST_MATH = YES;
				SDKROOT = iphoneos;
				SWIFT_COMPILATION_MODE = wholemodule;
				SWIFT_OPTIMIZATION_LEVEL = "-O";
				VALIDATE_PRODUCT = YES;
			};
			name = Release;
		};
		A026F0492AB5F6BD00DD9B89 /* Debug */ = {
			isa = XCBuildConfiguration;
			buildSettings = {
				ASSETCATALOG_COMPILER_APPICON_NAME = AppIcon;
				ASSETCATALOG_COMPILER_GLOBAL_ACCENT_COLOR_NAME = AccentColor;
				CODE_SIGN_STYLE = Automatic;
				CURRENT_PROJECT_VERSION = 1;
				GENERATE_INFOPLIST_FILE = YES;
				INFOPLIST_FILE = workoutprog/Info.plist;
				INFOPLIST_KEY_UIApplicationSupportsIndirectInputEvents = YES;
				INFOPLIST_KEY_UILaunchStoryboardName = LaunchScreen;
				INFOPLIST_KEY_UIStatusBarStyle = "";
				INFOPLIST_KEY_UISupportedInterfaceOrientations_iPad = "UIInterfaceOrientationPortrait UIInterfaceOrientationPortraitUpsideDown UIInterfaceOrientationLandscapeLeft UIInterfaceOrientationLandscapeRight";
				INFOPLIST_KEY_UISupportedInterfaceOrientations_iPhone = "UIInterfaceOrientationPortrait UIInterfaceOrientationLandscapeLeft UIInterfaceOrientationLandscapeRight";
				LD_RUNPATH_SEARCH_PATHS = (
					"$(inherited)",
					"@executable_path/Frameworks",
				);
				MARKETING_VERSION = 1.0;
				PRODUCT_BUNDLE_IDENTIFIER = general.workoutprog;
				PRODUCT_NAME = "$(TARGET_NAME)";
				SWIFT_EMIT_LOC_STRINGS = YES;
				SWIFT_VERSION = 5.0;
				TARGETED_DEVICE_FAMILY = "1,2";
			};
			name = Debug;
		};
		A026F04A2AB5F6BD00DD9B89 /* Release */ = {
			isa = XCBuildConfiguration;
			buildSettings = {
				ASSETCATALOG_COMPILER_APPICON_NAME = AppIcon;
				ASSETCATALOG_COMPILER_GLOBAL_ACCENT_COLOR_NAME = AccentColor;
				CODE_SIGN_STYLE = Automatic;
				CURRENT_PROJECT_VERSION = 1;
				GENERATE_INFOPLIST_FILE = YES;
				INFOPLIST_FILE = workoutprog/Info.plist;
				INFOPLIST_KEY_UIApplicationSupportsIndirectInputEvents = YES;
				INFOPLIST_KEY_UILaunchStoryboardName = LaunchScreen;
				INFOPLIST_KEY_UIStatusBarStyle = "";
				INFOPLIST_KEY_UISupportedInterfaceOrientations_iPad = "UIInterfaceOrientationPortrait UIInterfaceOrientationPortraitUpsideDown UIInterfaceOrientationLandscapeLeft UIInterfaceOrientationLandscapeRight";
				INFOPLIST_KEY_UISupportedInterfaceOrientations_iPhone = "UIInterfaceOrientationPortrait UIInterfaceOrientationLandscapeLeft UIInterfaceOrientationLandscapeRight";
				LD_RUNPATH_SEARCH_PATHS = (
					"$(inherited)",
					"@executable_path/Frameworks",
				);
				MARKETING_VERSION = 1.0;
				PRODUCT_BUNDLE_IDENTIFIER = general.workoutprog;
				PRODUCT_NAME = "$(TARGET_NAME)";
				SWIFT_EMIT_LOC_STRINGS = YES;
				SWIFT_VERSION = 5.0;
				TARGETED_DEVICE_FAMILY = "1,2";
			};
			name = Release;
		};
		A026F04C2AB5F6BD00DD9B89 /* Debug */ = {
			isa = XCBuildConfiguration;
			buildSettings = {
				ALWAYS_EMBED_SWIFT_STANDARD_LIBRARIES = YES;
				BUNDLE_LOADER = "$(TEST_HOST)";
				CODE_SIGN_STYLE = Automatic;
				CURRENT_PROJECT_VERSION = 1;
				GENERATE_INFOPLIST_FILE = YES;
				IPHONEOS_DEPLOYMENT_TARGET = 16.4;
				MARKETING_VERSION = 1.0;
				PRODUCT_BUNDLE_IDENTIFIER = general.workoutprogTests;
				PRODUCT_NAME = "$(TARGET_NAME)";
				SWIFT_EMIT_LOC_STRINGS = NO;
				SWIFT_VERSION = 5.0;
				TARGETED_DEVICE_FAMILY = "1,2";
				TEST_HOST = "$(BUILT_PRODUCTS_DIR)/workoutprog.app/$(BUNDLE_EXECUTABLE_FOLDER_PATH)/workoutprog";
			};
			name = Debug;
		};
		A026F04D2AB5F6BD00DD9B89 /* Release */ = {
			isa = XCBuildConfiguration;
			buildSettings = {
				ALWAYS_EMBED_SWIFT_STANDARD_LIBRARIES = YES;
				BUNDLE_LOADER = "$(TEST_HOST)";
				CODE_SIGN_STYLE = Automatic;
				CURRENT_PROJECT_VERSION = 1;
				GENERATE_INFOPLIST_FILE = YES;
				IPHONEOS_DEPLOYMENT_TARGET = 16.4;
				MARKETING_VERSION = 1.0;
				PRODUCT_BUNDLE_IDENTIFIER = general.workoutprogTests;
				PRODUCT_NAME = "$(TARGET_NAME)";
				SWIFT_EMIT_LOC_STRINGS = NO;
				SWIFT_VERSION = 5.0;
				TARGETED_DEVICE_FAMILY = "1,2";
				TEST_HOST = "$(BUILT_PRODUCTS_DIR)/workoutprog.app/$(BUNDLE_EXECUTABLE_FOLDER_PATH)/workoutprog";
			};
			name = Release;
		};
		A026F04F2AB5F6BD00DD9B89 /* Debug */ = {
			isa = XCBuildConfiguration;
			buildSettings = {
				ALWAYS_EMBED_SWIFT_STANDARD_LIBRARIES = YES;
				CODE_SIGN_STYLE = Automatic;
				CURRENT_PROJECT_VERSION = 1;
				GENERATE_INFOPLIST_FILE = YES;
				MARKETING_VERSION = 1.0;
				PRODUCT_BUNDLE_IDENTIFIER = general.workoutprogUITests;
				PRODUCT_NAME = "$(TARGET_NAME)";
				SWIFT_EMIT_LOC_STRINGS = NO;
				SWIFT_VERSION = 5.0;
				TARGETED_DEVICE_FAMILY = "1,2";
				TEST_TARGET_NAME = workoutprog;
			};
			name = Debug;
		};
		A026F0502AB5F6BD00DD9B89 /* Release */ = {
			isa = XCBuildConfiguration;
			buildSettings = {
				ALWAYS_EMBED_SWIFT_STANDARD_LIBRARIES = YES;
				CODE_SIGN_STYLE = Automatic;
				CURRENT_PROJECT_VERSION = 1;
				GENERATE_INFOPLIST_FILE = YES;
				MARKETING_VERSION = 1.0;
				PRODUCT_BUNDLE_IDENTIFIER = general.workoutprogUITests;
				PRODUCT_NAME = "$(TARGET_NAME)";
				SWIFT_EMIT_LOC_STRINGS = NO;
				SWIFT_VERSION = 5.0;
				TARGETED_DEVICE_FAMILY = "1,2";
				TEST_TARGET_NAME = workoutprog;
			};
			name = Release;
		};
/* End XCBuildConfiguration section */

/* Begin XCConfigurationList section */
		A026F0192AB5F6BC00DD9B89 /* Build configuration list for PBXProject "workoutprog" */ = {
			isa = XCConfigurationList;
			buildConfigurations = (
				A026F0462AB5F6BD00DD9B89 /* Debug */,
				A026F0472AB5F6BD00DD9B89 /* Release */,
			);
			defaultConfigurationIsVisible = 0;
			defaultConfigurationName = Release;
		};
		A026F0482AB5F6BD00DD9B89 /* Build configuration list for PBXNativeTarget "workoutprog" */ = {
			isa = XCConfigurationList;
			buildConfigurations = (
				A026F0492AB5F6BD00DD9B89 /* Debug */,
				A026F04A2AB5F6BD00DD9B89 /* Release */,
			);
			defaultConfigurationIsVisible = 0;
			defaultConfigurationName = Release;
		};
		A026F04B2AB5F6BD00DD9B89 /* Build configuration list for PBXNativeTarget "workoutprogTests" */ = {
			isa = XCConfigurationList;
			buildConfigurations = (
				A026F04C2AB5F6BD00DD9B89 /* Debug */,
				A026F04D2AB5F6BD00DD9B89 /* Release */,
			);
			defaultConfigurationIsVisible = 0;
			defaultConfigurationName = Release;
		};
		A026F04E2AB5F6BD00DD9B89 /* Build configuration list for PBXNativeTarget "workoutprogUITests" */ = {
			isa = XCConfigurationList;
			buildConfigurations = (
				A026F04F2AB5F6BD00DD9B89 /* Debug */,
				A026F0502AB5F6BD00DD9B89 /* Release */,
			);
			defaultConfigurationIsVisible = 0;
			defaultConfigurationName = Release;
		};
/* End XCConfigurationList section */
	};
	rootObject = A026F0162AB5F6BC00DD9B89 /* Project object */;
}
